lockfileVersion: '9.0'

settings:
  autoInstallPeers: true
  excludeLinksFromLockfile: false

importers:

  .:
    devDependencies:
      '@originjs/vite-plugin-federation':
        specifier: ^1.2.3
        version: 1.4.1
      kill-port:
        specifier: ^2.0.1
        version: 2.0.1

packages:

  '@jridgewell/sourcemap-codec@1.5.5':
    resolution: {integrity: sha512-cYQ9310grqxueWbl+WuIUIaiUaDcj7WOq5fVhEljNVgRfOUhY9fy2zTvfoqWsnebh8Sl70VScFbICvJnLKB0Og==}

  '@originjs/vite-plugin-federation@1.4.1':
    resolution: {integrity: sha512-Uo08jW5pj1t58OUKuZNkmzcfTN2pqeVuAWCCiKf/75/oll4Efq4cHOqSE1FXMlvwZNGDziNdDyBbQ5IANem3CQ==}
    engines: {node: '>=14.0.0', pnpm: '>=7.0.1'}

  '@types/estree@1.0.8':
    resolution: {integrity: sha512-dWHzHa2WqEXI/O1E9OjrocMTKJl2mSrEolh1Iomrv6U+JuNwaHXsXx9bLu5gG7BUWFIN0skIQJQ/L1rIex4X6w==}

  estree-walker@3.0.3:
    resolution: {integrity: sha512-7RUKfXgSMMkzt6ZuXmqapOurLGPPfgj6l9uRZ7lRGolvk0y2yocc35LdcxKC5PQZdn2DMqioAQ2NoWcrTKmm6g==}

  get-them-args@1.3.2:
    resolution: {integrity: sha512-LRn8Jlk+DwZE4GTlDbT3Hikd1wSHgLMme/+7ddlqKd7ldwR6LjJgTVWzBnR01wnYGe4KgrXjg287RaI22UHmAw==}

  kill-port@2.0.1:
    resolution: {integrity: sha512-e0SVOV5jFo0mx8r7bS29maVWp17qGqLBZ5ricNSajON6//kmb7qqqNnml4twNE8Dtj97UQD+gNFOaipS/q1zzQ==}
    hasBin: true

  magic-string@0.27.0:
    resolution: {integrity: sha512-8UnnX2PeRAPZuN12svgR9j7M1uWMovg/CEnIwIG0LFkXSJJe4PdfUGiTGl8V9bsBHFUtfVINcSyYxd7q+kx9fA==}
    engines: {node: '>=12'}

  shell-exec@1.0.2:
    resolution: {integrity: sha512-jyVd+kU2X+mWKMmGhx4fpWbPsjvD53k9ivqetutVW/BQ+WIZoDoP4d8vUMGezV6saZsiNoW2f9GIhg9Dondohg==}

snapshots:

  '@jridgewell/sourcemap-codec@1.5.5': {}

  '@originjs/vite-plugin-federation@1.4.1':
    dependencies:
      estree-walker: 3.0.3
      magic-string: 0.27.0

  '@types/estree@1.0.8': {}

  estree-walker@3.0.3:
    dependencies:
      '@types/estree': 1.0.8

  get-them-args@1.3.2: {}

  kill-port@2.0.1:
    dependencies:
      get-them-args: 1.3.2
      shell-exec: 1.0.2

  magic-string@0.27.0:
    dependencies:
      '@jridgewell/sourcemap-codec': 1.5.5

  shell-exec@1.0.2: {}
